PODS:
  - BabyBluetooth (0.7.0)
  - BlueToothPrintAPI (0.1.1):
    - BabyBluetooth (~> 0.7.0)
    - SSZipArchive (~> 2.4.2)
    - WebViewJavascriptBridge (~> 6.0)
  - SSZipArchive (2.4.2)
  - WebViewJavascriptBridge (6.0.3)

DEPENDENCIES:
  - BlueToothPrintAPI (from `../`)

SPEC REPOS:
  trunk:
    - BabyBluetooth
    - SSZipArchive
    - WebViewJavascriptBridge

EXTERNAL SOURCES:
  BlueToothPrintAPI:
    :path: "../"

SPEC CHECKSUMS:
  BabyBluetooth: d50758aecf24d4a0ab9271d69f0f116d6bee51c9
  BlueToothPrintAPI: fccd3c4b31b48e2e2e99e507ef81a52a12347136
  SSZipArchive: e7b4f3d9e780c2acc1764cd88fbf2de28f26e5b2
  WebViewJavascriptBridge: 7f5bc4d3581e672e8f32bd0f812d54bc69bb8e29

PODFILE CHECKSUM: 62d6c05aaeddc06b53367cd287facc392aa4230e

COCOAPODS: 1.10.1
